
Microsoft Visual Studio Solution File, Format Version 12.00
# Visual Studio Version 17
VisualStudioVersion = 17.7.34221.43
MinimumVisualStudioVersion = 10.0.40219.1
Project("{FAE04EC0-301F-11D3-BF4B-00C04F79EFBC}") = "UcenjeCS", "UcenjeCS.csproj", "{6F689890-D6D4-4B39-AC6C-0D54407BF4DE}"
EndProject
Global
	GlobalSection(SolutionConfigurationPlatforms) = preSolution
		Debug|Any CPU = Debug|Any CPU
		Release|Any CPU = Release|Any CPU
	EndGlobalSection
	GlobalSection(ProjectConfigurationPlatforms) = postSolution
		{6F689890-D6D4-4B39-AC6C-0D54407BF4DE}.Debug|Any CPU.ActiveCfg = Debug|Any CPU
		{6F689890-D6D4-4B39-AC6C-0D54407BF4DE}.Debug|Any CPU.Build.0 = Debug|Any CPU
		{6F689890-D6D4-4B39-AC6C-0D54407BF4DE}.Release|Any CPU.ActiveCfg = Release|Any CPU
		{6F689890-D6D4-4B39-AC6C-0D54407BF4DE}.Release|Any CPU.Build.0 = Release|Any CPU
	EndGlobalSection
	GlobalSection(SolutionProperties) = preSolution
		HideSolutionNode = FALSE
	EndGlobalSection
	GlobalSection(ExtensibilityGlobals) = postSolution
		SolutionGuid = {A6CFAF22-4F31-40A6-9509-788CAB11B276}
	EndGlobalSection
EndGlobal
